PODS:
  - Alamofire (4.8.1)
  - DropDown (2.3.12)
  - GoogleMaps/Base (3.0.2)
  - GooglePlaces (3.0.2):
    - GoogleMaps/Base (= 3.0.2)
  - Kingfisher (5.1.1)

DEPENDENCIES:
  - Alamofire
  - DropDown
  - GooglePlaces
  - Kingfisher

SPEC REPOS:
  https://github.com/cocoapods/specs.git:
    - Alamofire
    - DropDown
    - GoogleMaps
    - GooglePlaces
    - Kingfisher

SPEC CHECKSUMS:
  Alamofire: 16ce2c353fb72865124ddae8a57c5942388f4f11
  DropDown: 0bcc278799ec11a3d34ce1aac9367fbbaf5423d9
  GoogleMaps: 941cd655e009b4d8e42df19a3d749bc3fccec973
  GooglePlaces: c086e0055dc5f0177d7c9d65fc77a1734f9a4825
  Kingfisher: 2558186963e5be42d98c5b110ccb3130148b77e4

PODFILE CHECKSUM: d559d1594a7bead316709ea028f5f01a13fd5df6

COCOAPODS: 1.5.3
